
Microsoft Visual Studio Solution File, Format Version 12.00
# Visual Studio Version 17
VisualStudioVersion = 17.0.31903.59
MinimumVisualStudioVersion = 10.0.40219.1
Project("{2150E333-8FDC-42A3-9474-1A3956D46DE8}") = "Api", "Api", "{D82C56D6-B2CD-F611-9E31-04638F7EC30E}"
EndProject
Project("{FAE04EC0-301F-11D3-BF4B-00C04F79EFBC}") = "minimal-api", "Api\minimal-api.csproj", "{BD1FE019-095B-4723-B249-9AD06418C698}"
EndProject
Project("{FAE04EC0-301F-11D3-BF4B-00C04F79EFBC}") = "Test", "Test\Test.csproj", "{9DAE1277-51CA-48A7-BA49-8417DF646D41}"
EndProject
Global
	GlobalSection(SolutionConfigurationPlatforms) = preSolution
		Debug|Any CPU = Debug|Any CPU
		Debug|x64 = Debug|x64
		Debug|x86 = Debug|x86
		Release|Any CPU = Release|Any CPU
		Release|x64 = Release|x64
		Release|x86 = Release|x86
	EndGlobalSection
	GlobalSection(ProjectConfigurationPlatforms) = postSolution
		{BD1FE019-095B-4723-B249-9AD06418C698}.Debug|Any CPU.ActiveCfg = Debug|Any CPU
		{BD1FE019-095B-4723-B249-9AD06418C698}.Debug|Any CPU.Build.0 = Debug|Any CPU
		{BD1FE019-095B-4723-B249-9AD06418C698}.Debug|x64.ActiveCfg = Debug|Any CPU
		{BD1FE019-095B-4723-B249-9AD06418C698}.Debug|x64.Build.0 = Debug|Any CPU
		{BD1FE019-095B-4723-B249-9AD06418C698}.Debug|x86.ActiveCfg = Debug|Any CPU
		{BD1FE019-095B-4723-B249-9AD06418C698}.Debug|x86.Build.0 = Debug|Any CPU
		{BD1FE019-095B-4723-B249-9AD06418C698}.Release|Any CPU.ActiveCfg = Release|Any CPU
		{BD1FE019-095B-4723-B249-9AD06418C698}.Release|Any CPU.Build.0 = Release|Any CPU
		{BD1FE019-095B-4723-B249-9AD06418C698}.Release|x64.ActiveCfg = Release|Any CPU
		{BD1FE019-095B-4723-B249-9AD06418C698}.Release|x64.Build.0 = Release|Any CPU
		{BD1FE019-095B-4723-B249-9AD06418C698}.Release|x86.ActiveCfg = Release|Any CPU
		{BD1FE019-095B-4723-B249-9AD06418C698}.Release|x86.Build.0 = Release|Any CPU
		{9DAE1277-51CA-48A7-BA49-8417DF646D41}.Debug|Any CPU.ActiveCfg = Debug|Any CPU
		{9DAE1277-51CA-48A7-BA49-8417DF646D41}.Debug|Any CPU.Build.0 = Debug|Any CPU
		{9DAE1277-51CA-48A7-BA49-8417DF646D41}.Debug|x64.ActiveCfg = Debug|Any CPU
		{9DAE1277-51CA-48A7-BA49-8417DF646D41}.Debug|x64.Build.0 = Debug|Any CPU
		{9DAE1277-51CA-48A7-BA49-8417DF646D41}.Debug|x86.ActiveCfg = Debug|Any CPU
		{9DAE1277-51CA-48A7-BA49-8417DF646D41}.Debug|x86.Build.0 = Debug|Any CPU
		{9DAE1277-51CA-48A7-BA49-8417DF646D41}.Release|Any CPU.ActiveCfg = Release|Any CPU
		{9DAE1277-51CA-48A7-BA49-8417DF646D41}.Release|Any CPU.Build.0 = Release|Any CPU
		{9DAE1277-51CA-48A7-BA49-8417DF646D41}.Release|x64.ActiveCfg = Release|Any CPU
		{9DAE1277-51CA-48A7-BA49-8417DF646D41}.Release|x64.Build.0 = Release|Any CPU
		{9DAE1277-51CA-48A7-BA49-8417DF646D41}.Release|x86.ActiveCfg = Release|Any CPU
		{9DAE1277-51CA-48A7-BA49-8417DF646D41}.Release|x86.Build.0 = Release|Any CPU
	EndGlobalSection
	GlobalSection(SolutionProperties) = preSolution
		HideSolutionNode = FALSE
	EndGlobalSection
	GlobalSection(NestedProjects) = preSolution
		{BD1FE019-095B-4723-B249-9AD06418C698} = {D82C56D6-B2CD-F611-9E31-04638F7EC30E}
	EndGlobalSection
EndGlobal
